
Microsoft Visual Studio Solution File, Format Version 12.00
# Visual Studio Version 16
VisualStudioVersion = 16.0.36324.18
MinimumVisualStudioVersion = 10.0.40219.1
Project("{FAE04EC0-301F-11D3-BF4B-00C04F79EFBC}") = "StudentScoreManager", "StudentScoreManager\StudentScoreManager.csproj", "{BFCA4B85-E356-401D-9F1E-3DF297127C08}"
EndProject
Global
	GlobalSection(SolutionConfigurationPlatforms) = preSolution
		Debug|Any CPU = Debug|Any CPU
		Release|Any CPU = Release|Any CPU
	EndGlobalSection
	GlobalSection(ProjectConfigurationPlatforms) = postSolution
		{BFCA4B85-E356-401D-9F1E-3DF297127C08}.Debug|Any CPU.ActiveCfg = Debug|Any CPU
		{BFCA4B85-E356-401D-9F1E-3DF297127C08}.Debug|Any CPU.Build.0 = Debug|Any CPU
		{BFCA4B85-E356-401D-9F1E-3DF297127C08}.Release|Any CPU.ActiveCfg = Release|Any CPU
		{BFCA4B85-E356-401D-9F1E-3DF297127C08}.Release|Any CPU.Build.0 = Release|Any CPU
	EndGlobalSection
	GlobalSection(SolutionProperties) = preSolution
		HideSolutionNode = FALSE
	EndGlobalSection
	GlobalSection(ExtensibilityGlobals) = postSolution
		SolutionGuid = {812EF828-C0B4-4390-BCD6-0960AC8787E4}
	EndGlobalSection
EndGlobal
